
Microsoft Visual Studio Solution File, Format Version 12.00
# Visual Studio Version 17
VisualStudioVersion = 17.3.32825.248
MinimumVisualStudioVersion = 10.0.40219.1
Project("{9A19103F-16F7-4668-BE54-9A1E7A4F7556}") = "BPMInstaller.UI.Desktop", "BPMInstaller\BPMInstaller.UI.Desktop.csproj", "{9E2A7CC1-9CF5-4558-9739-4A46F80C3BF5}"
EndProject
Project("{9A19103F-16F7-4668-BE54-9A1E7A4F7556}") = "BPMInstaller.Core", "BPMInstaller.Core\BPMInstaller.Core.csproj", "{C8740BC9-C7CA-4EFF-BBD9-ABF77DE53C56}"
EndProject
Project("{FAE04EC0-301F-11D3-BF4B-00C04F79EFBC}") = "BPMInstaller.Core.Tests", "BPMInstaller.Core.Tests\BPMInstaller.Core.Tests.csproj", "{E260173C-4576-4028-B7A7-6AB07DDFAAFD}"
EndProject
Global
	GlobalSection(SolutionConfigurationPlatforms) = preSolution
		Debug|Any CPU = Debug|Any CPU
		Release|Any CPU = Release|Any CPU
	EndGlobalSection
	GlobalSection(ProjectConfigurationPlatforms) = postSolution
		{9E2A7CC1-9CF5-4558-9739-4A46F80C3BF5}.Debug|Any CPU.ActiveCfg = Debug|Any CPU
		{9E2A7CC1-9CF5-4558-9739-4A46F80C3BF5}.Debug|Any CPU.Build.0 = Debug|Any CPU
		{9E2A7CC1-9CF5-4558-9739-4A46F80C3BF5}.Release|Any CPU.ActiveCfg = Release|Any CPU
		{9E2A7CC1-9CF5-4558-9739-4A46F80C3BF5}.Release|Any CPU.Build.0 = Release|Any CPU
		{C8740BC9-C7CA-4EFF-BBD9-ABF77DE53C56}.Debug|Any CPU.ActiveCfg = Debug|Any CPU
		{C8740BC9-C7CA-4EFF-BBD9-ABF77DE53C56}.Debug|Any CPU.Build.0 = Debug|Any CPU
		{C8740BC9-C7CA-4EFF-BBD9-ABF77DE53C56}.Release|Any CPU.ActiveCfg = Release|Any CPU
		{C8740BC9-C7CA-4EFF-BBD9-ABF77DE53C56}.Release|Any CPU.Build.0 = Release|Any CPU
		{E260173C-4576-4028-B7A7-6AB07DDFAAFD}.Debug|Any CPU.ActiveCfg = Debug|Any CPU
		{E260173C-4576-4028-B7A7-6AB07DDFAAFD}.Debug|Any CPU.Build.0 = Debug|Any CPU
		{E260173C-4576-4028-B7A7-6AB07DDFAAFD}.Release|Any CPU.ActiveCfg = Release|Any CPU
		{E260173C-4576-4028-B7A7-6AB07DDFAAFD}.Release|Any CPU.Build.0 = Release|Any CPU
	EndGlobalSection
	GlobalSection(SolutionProperties) = preSolution
		HideSolutionNode = FALSE
	EndGlobalSection
	GlobalSection(ExtensibilityGlobals) = postSolution
		SolutionGuid = {F169614A-E8D5-4D7E-BD77-A4322994A526}
	EndGlobalSection
EndGlobal
